
Microsoft Visual Studio Solution File, Format Version 12.00
# Visual Studio Version 17
VisualStudioVersion = 17.11.35222.181
MinimumVisualStudioVersion = 10.0.40219.1
Project("{9A19103F-16F7-4668-BE54-9A1E7A4F7556}") = "Otus.Console.Interactive", "Otus.Console.Interactive\Otus.Console.Interactive.csproj", "{36167403-C7B5-42E6-8E94-78918F0F807E}"
EndProject
Global
	GlobalSection(SolutionConfigurationPlatforms) = preSolution
		Debug|Any CPU = Debug|Any CPU
		Debug|x64 = Debug|x64
		Debug|x86 = Debug|x86
		Release|Any CPU = Release|Any CPU
		Release|x64 = Release|x64
		Release|x86 = Release|x86
	EndGlobalSection
	GlobalSection(ProjectConfigurationPlatforms) = postSolution
		{36167403-C7B5-42E6-8E94-78918F0F807E}.Debug|Any CPU.ActiveCfg = Debug|Any CPU
		{36167403-C7B5-42E6-8E94-78918F0F807E}.Debug|Any CPU.Build.0 = Debug|Any CPU
		{36167403-C7B5-42E6-8E94-78918F0F807E}.Debug|x64.ActiveCfg = Debug|Any CPU
		{36167403-C7B5-42E6-8E94-78918F0F807E}.Debug|x64.Build.0 = Debug|Any CPU
		{36167403-C7B5-42E6-8E94-78918F0F807E}.Debug|x86.ActiveCfg = Debug|Any CPU
		{36167403-C7B5-42E6-8E94-78918F0F807E}.Debug|x86.Build.0 = Debug|Any CPU
		{36167403-C7B5-42E6-8E94-78918F0F807E}.Release|Any CPU.ActiveCfg = Release|Any CPU
		{36167403-C7B5-42E6-8E94-78918F0F807E}.Release|Any CPU.Build.0 = Release|Any CPU
		{36167403-C7B5-42E6-8E94-78918F0F807E}.Release|x64.ActiveCfg = Release|Any CPU
		{36167403-C7B5-42E6-8E94-78918F0F807E}.Release|x64.Build.0 = Release|Any CPU
		{36167403-C7B5-42E6-8E94-78918F0F807E}.Release|x86.ActiveCfg = Release|Any CPU
		{36167403-C7B5-42E6-8E94-78918F0F807E}.Release|x86.Build.0 = Release|Any CPU
	EndGlobalSection
	GlobalSection(SolutionProperties) = preSolution
		HideSolutionNode = FALSE
	EndGlobalSection
	GlobalSection(ExtensibilityGlobals) = postSolution
		SolutionGuid = {317FB536-0176-4C02-9EDC-D2FD983475F2}
	EndGlobalSection
EndGlobal
